// !$*UTF8*$!
{
	archiveVersion = 1;
	classes = {
	};
	objectVersion = 50;
	objects = {

/* Begin PBXBuildFile section */
		7A4793F62074C603002507CC /* AppDelegate.swift in Sources */ = {isa = PBXBuildFile; fileRef = 7A4793F52074C603002507CC /* AppDelegate.swift */; };
		7A4793F82074C603002507CC /* art.scnassets in Resources */ = {isa = PBXBuildFile; fileRef = 7A4793F72074C603002507CC /* art.scnassets */; };
		7A4793FA2074C603002507CC /* ViewController.swift in Sources */ = {isa = PBXBuildFile; fileRef = 7A4793F92074C603002507CC /* ViewController.swift */; };
		7A4793FD2074C603002507CC /* Main.storyboard in Resources */ = {isa = PBXBuildFile; fileRef = 7A4793FB2074C603002507CC /* Main.storyboard */; };
		7A4793FF2074C606002507CC /* Assets.xcassets in Resources */ = {isa = PBXBuildFile; fileRef = 7A4793FE2074C606002507CC /* Assets.xcassets */; };
		7A4794022074C606002507CC /* LaunchScreen.storyboard in Resources */ = {isa = PBXBuildFile; fileRef = 7A4794002074C606002507CC /* LaunchScreen.storyboard */; };
		7A47940A2075002B002507CC /* PlaneController.swift in Sources */ = {isa = PBXBuildFile; fileRef = 7A4794092075002B002507CC /* PlaneController.swift */; };
/* End PBXBuildFile section */

/* Begin PBXFileReference section */
		7A4793F22074C603002507CC /* AR Inspirational Bit.app */ = {isa = PBXFileReference; explicitFileType = wrapper.application; includeInIndex = 0; path = "AR Inspirational Bit.app"; sourceTree = BUILT_PRODUCTS_DIR; };
		7A4793F52074C603002507CC /* AppDelegate.swift */ = {isa = PBXFileReference; lastKnownFileType = sourcecode.swift; path = AppDelegate.swift; sourceTree = "<group>"; };
		7A4793F72074C603002507CC /* art.scnassets */ = {isa = PBXFileReference; lastKnownFileType = wrapper.scnassets; path = art.scnassets; sourceTree = "<group>"; };
		7A4793F92074C603002507CC /* ViewController.swift */ = {isa = PBXFileReference; lastKnownFileType = sourcecode.swift; path = ViewController.swift; sourceTree = "<group>"; };
		7A4793FC2074C603002507CC /* Base */ = {isa = PBXFileReference; lastKnownFileType = file.storyboard; name = Base; path = Base.lproj/Main.storyboard; sourceTree = "<group>"; };
		7A4793FE2074C606002507CC /* Assets.xcassets */ = {isa = PBXFileReference; lastKnownFileType = folder.assetcatalog; path = Assets.xcassets; sourceTree = "<group>"; };
		7A4794012074C606002507CC /* Base */ = {isa = PBXFileReference; lastKnownFileType = file.storyboard; name = Base; path = Base.lproj/LaunchScreen.storyboard; sourceTree = "<group>"; };
		7A4794032074C606002507CC /* Info.plist */ = {isa = PBXFileReference; lastKnownFileType = text.plist.xml; path = Info.plist; sourceTree = "<group>"; };
		7A4794092075002B002507CC /* PlaneController.swift */ = {isa = PBXFileReference; lastKnownFileType = sourcecode.swift; path = PlaneController.swift; sourceTree = "<group>"; };
/* End PBXFileReference section */

/* Begin PBXFrameworksBuildPhase section */
		7A4793EF2074C603002507CC /* Frameworks */ = {
			isa = PBXFrameworksBuildPhase;
			buildActionMask = 2147483647;
			files = (
			);
			runOnlyForDeploymentPostprocessing = 0;
		};
/* End PBXFrameworksBuildPhase section */

/* Begin PBXGroup section */
		7A4793E92074C603002507CC = {
			isa = PBXGroup;
			children = (
				7A4793F42074C603002507CC /* AR Inspirational Bit */,
				7A4793F32074C603002507CC /* Products */,
			);
			sourceTree = "<group>";
		};
		7A4793F32074C603002507CC /* Products */ = {
			isa = PBXGroup;
			children = (
				7A4793F22074C603002507CC /* AR Inspirational Bit.app */,
			);
			name = Products;
			sourceTree = "<group>";
		};
		7A4793F42074C603002507CC /* AR Inspirational Bit */ = {
			isa = PBXGroup;
			children = (
				7A4793F52074C603002507CC /* AppDelegate.swift */,
				7A4793F72074C603002507CC /* art.scnassets */,
				7A4793F92074C603002507CC /* ViewController.swift */,
				7A4794092075002B002507CC /* PlaneController.swift */,
				7A4793FB2074C603002507CC /* Main.storyboard */,
				7A4793FE2074C606002507CC /* Assets.xcassets */,
				7A4794002074C606002507CC /* LaunchScreen.storyboard */,
				7A4794032074C606002507CC /* Info.plist */,
			);
			path = "AR Inspirational Bit";
			sourceTree = "<group>";
		};
/* End PBXGroup section */

/* Begin PBXNativeTarget section */
		7A4793F12074C603002507CC /* AR Inspirational Bit */ = {
			isa = PBXNativeTarget;
			buildConfigurationList = 7A4794062074C606002507CC /* Build configuration list for PBXNativeTarget "AR Inspirational Bit" */;
			buildPhases = (
				7A4793EE2074C603002507CC /* Sources */,
				7A4793EF2074C603002507CC /* Frameworks */,
				7A4793F02074C603002507CC /* Resources */,
			);
			buildRules = (
			);
			dependencies = (
			);
			name = "AR Inspirational Bit";
			productName = "AR Inspirational Bit";
			productReference = 7A4793F22074C603002507CC /* AR Inspirational Bit.app */;
			productType = "com.apple.product-type.application";
		};
/* End PBXNativeTarget section */

/* Begin PBXProject section */
		7A4793EA2074C603002507CC /* Project object */ = {
			isa = PBXProject;
			attributes = {
				LastSwiftUpdateCheck = 0930;
				LastUpgradeCheck = 0930;
				ORGANIZATIONNAME = "Emma Klint";
				TargetAttributes = {
					7A4793F12074C603002507CC = {
						CreatedOnToolsVersion = 9.3;
					};
				};
			};
			buildConfigurationList = 7A4793ED2074C603002507CC /* Build configuration list for PBXProject "AR Inspirational Bit" */;
			compatibilityVersion = "Xcode 9.3";
			developmentRegion = en;
			hasScannedForEncodings = 0;
			knownRegions = (
				en,
				Base,
			);
			mainGroup = 7A4793E92074C603002507CC;
			productRefGroup = 7A4793F32074C603002507CC /* Products */;
			projectDirPath = "";
			projectRoot = "";
			targets = (
				7A4793F12074C603002507CC /* AR Inspirational Bit */,
			);
		};
/* End PBXProject section */

/* Begin PBXResourcesBuildPhase section */
		7A4793F02074C603002507CC /* Resources */ = {
			isa = PBXResourcesBuildPhase;
			buildActionMask = 2147483647;
			files = (
				7A4793F82074C603002507CC /* art.scnassets in Resources */,
				7A4794022074C606002507CC /* LaunchScreen.storyboard in Resources */,
				7A4793FF2074C606002507CC /* Assets.xcassets in Resources */,
				7A4793FD2074C603002507CC /* Main.storyboard in Resources */,
			);
			runOnlyForDeploymentPostprocessing = 0;
		};
/* End PBXResourcesBuildPhase section */

/* Begin PBXSourcesBuildPhase section */
		7A4793EE2074C603002507CC /* Sources */ = {
			isa = PBXSourcesBuildPhase;
			buildActionMask = 2147483647;
			files = (
				7A4793FA2074C603002507CC /* ViewController.swift in Sources */,
				7A47940A2075002B002507CC /* PlaneController.swift in Sources */,
				7A4793F62074C603002507CC /* AppDelegate.swift in Sources */,
			);
			runOnlyForDeploymentPostprocessing = 0;
		};
/* End PBXSourcesBuildPhase section */

/* Begin PBXVariantGroup section */
		7A4793FB2074C603002507CC /* Main.storyboard */ = {
			isa = PBXVariantGroup;
			children = (
				7A4793FC2074C603002507CC /* Base */,
			);
			name = Main.storyboard;
			sourceTree = "<group>";
		};
		7A4794002074C606002507CC /* LaunchScreen.storyboard */ = {
			isa = PBXVariantGroup;
			children = (
				7A4794012074C606002507CC /* Base */,
			);
			name = LaunchScreen.storyboard;
			sourceTree = "<group>";
		};
/* End PBXVariantGroup section */

/* Begin XCBuildConfiguration section */
		7A4794042074C606002507CC /* Debug */ = {
			isa = XCBuildConfiguration;
			buildSettings = {
				ALWAYS_SEARCH_USER_PATHS = NO;
				CLANG_ANALYZER_NONNULL = YES;
				CLANG_ANALYZER_NUMBER_OBJECT_CONVERSION = YES_AGGRESSIVE;
				CLANG_CXX_LANGUAGE_STANDARD = "gnu++14";
				CLANG_CXX_LIBRARY = "libc++";
				CLANG_ENABLE_MODULES = YES;
				CLANG_ENABLE_OBJC_ARC = YES;
				CLANG_ENABLE_OBJC_WEAK = YES;
				CLANG_WARN_BLOCK_CAPTURE_AUTORELEASING = YES;
				CLANG_WARN_BOOL_CONVERSION = YES;
				CLANG_WARN_COMMA = YES;
				CLANG_WARN_CONSTANT_CONVERSION = YES;
				CLANG_WARN_DEPRECATED_OBJC_IMPLEMENTATIONS = YES;
				CLANG_WARN_DIRECT_OBJC_ISA_USAGE = YES_ERROR;
				CLANG_WARN_DOCUMENTATION_COMMENTS = YES;
				CLANG_WARN_EMPTY_BODY = YES;
				CLANG_WARN_ENUM_CONVERSION = YES;
				CLANG_WARN_INFINITE_RECURSION = YES;
				CLANG_WARN_INT_CONVERSION = YES;
				CLANG_WARN_NON_LITERAL_NULL_CONVERSION = YES;
				CLANG_WARN_OBJC_IMPLICIT_RETAIN_SELF = YES;
				CLANG_WARN_OBJC_LITERAL_CONVERSION = YES;
				CLANG_WARN_OBJC_ROOT_CLASS = YES_ERROR;
				CLANG_WARN_RANGE_LOOP_ANALYSIS = YES;
				CLANG_WARN_STRICT_PROTOTYPES = YES;
				CLANG_WARN_SUSPICIOUS_MOVE = YES;
				CLANG_WARN_UNGUARDED_AVAILABILITY = YES_AGGRESSIVE;
				CLANG_WARN_UNREACHABLE_CODE = YES;
				CLANG_WARN__DUPLICATE_METHOD_MATCH = YES;
				CODE_SIGN_IDENTITY = "iPhone Developer";
				COPY_PHASE_STRIP = NO;
				DEBUG_INFORMATION_FORMAT = dwarf;
				ENABLE_STRICT_OBJC_MSGSEND = YES;
				ENABLE_TESTABILITY = YES;
				GCC_C_LANGUAGE_STANDARD = gnu11;
				GCC_DYNAMIC_NO_PIC = NO;
				GCC_NO_COMMON_BLOCKS = YES;
				GCC_OPTIMIZATION_LEVEL = 0;
				GCC_PREPROCESSOR_DEFINITIONS = (
					"DEBUG=1",
					"$(inherited)",
				);
				GCC_WARN_64_TO_32_BIT_CONVERSION = YES;
				GCC_WARN_ABOUT_RETURN_TYPE = YES_ERROR;
				GCC_WARN_UNDECLARED_SELECTOR = YES;
				GCC_WARN_UNINITIALIZED_AUTOS = YES_AGGRESSIVE;
				GCC_WARN_UNUSED_FUNCTION = YES;
				GCC_WARN_UNUSED_VARIABLE = YES;
				IPHONEOS_DEPLOYMENT_TARGET = 11.3;
				MTL_ENABLE_DEBUG_INFO = YES;
				ONLY_ACTIVE_ARCH = YES;
				SDKROOT = iphoneos;
				SWIFT_ACTIVE_COMPILATION_CONDITIONS = DEBUG;
				SWIFT_OPTIMIZATION_LEVEL = "-Onone";
			};
			name = Debug;
		};
		7A4794052074C606002507CC /* Release */ = {
			isa = XCBuildConfiguration;
			buildSettings = {
				ALWAYS_SEARCH_USER_PATHS = NO;
				CLANG_ANALYZER_NONNULL = YES;
				CLANG_ANALYZER_NUMBER_OBJECT_CONVERSION = YES_AGGRESSIVE;
				CLANG_CXX_LANGUAGE_STANDARD = "gnu++14";
				CLANG_CXX_LIBRARY = "libc++";
				CLANG_ENABLE_MODULES = YES;
				CLANG_ENABLE_OBJC_ARC = YES;
				CLANG_ENABLE_OBJC_WEAK = YES;
				CLANG_WARN_BLOCK_CAPTURE_AUTORELEASING = YES;
				CLANG_WARN_BOOL_CONVERSION = YES;
				CLANG_WARN_COMMA = YES;
				CLANG_WARN_CONSTANT_CONVERSION = YES;
				CLANG_WARN_DEPRECATED_OBJC_IMPLEMENTATIONS = YES;
				CLANG_WARN_DIRECT_OBJC_ISA_USAGE = YES_ERROR;
				CLANG_WARN_DOCUMENTATION_COMMENTS = YES;
				CLANG_WARN_EMPTY_BODY = YES;
				CLANG_WARN_ENUM_CONVERSION = YES;
				CLANG_WARN_INFINITE_RECURSION = YES;
				CLANG_WARN_INT_CONVERSION = YES;
				CLANG_WARN_NON_LITERAL_NULL_CONVERSION = YES;
				CLANG_WARN_OBJC_IMPLICIT_RETAIN_SELF = YES;
				CLANG_WARN_OBJC_LITERAL_CONVERSION = YES;
				CLANG_WARN_OBJC_ROOT_CLASS = YES_ERROR;
				CLANG_WARN_RANGE_LOOP_ANALYSIS = YES;
				CLANG_WARN_STRICT_PROTOTYPES = YES;
				CLANG_WARN_SUSPICIOUS_MOVE = YES;
				CLANG_WARN_UNGUARDED_AVAILABILITY = YES_AGGRESSIVE;
				CLANG_WARN_UNREACHABLE_CODE = YES;
				CLANG_WARN__DUPLICATE_METHOD_MATCH = YES;
				CODE_SIGN_IDENTITY = "iPhone Developer";
				COPY_PHASE_STRIP = NO;
				DEBUG_INFORMATION_FORMAT = "dwarf-with-dsym";
				ENABLE_NS_ASSERTIONS = NO;
				ENABLE_STRICT_OBJC_MSGSEND = YES;
				GCC_C_LANGUAGE_STANDARD = gnu11;
				GCC_NO_COMMON_BLOCKS = YES;
				GCC_WARN_64_TO_32_BIT_CONVERSION = YES;
				GCC_WARN_ABOUT_RETURN_TYPE = YES_ERROR;
				GCC_WARN_UNDECLARED_SELECTOR = YES;
				GCC_WARN_UNINITIALIZED_AUTOS = YES_AGGRESSIVE;
				GCC_WARN_UNUSED_FUNCTION = YES;
				GCC_WARN_UNUSED_VARIABLE = YES;
				IPHONEOS_DEPLOYMENT_TARGET = 11.3;
				MTL_ENABLE_DEBUG_INFO = NO;
				SDKROOT = iphoneos;
				SWIFT_COMPILATION_MODE = wholemodule;
				SWIFT_OPTIMIZATION_LEVEL = "-O";
				VALIDATE_PRODUCT = YES;
			};
			name = Release;
		};
		7A4794072074C606002507CC /* Debug */ = {
			isa = XCBuildConfiguration;
			buildSettings = {
				ASSETCATALOG_COMPILER_APPICON_NAME = AppIcon;
				CODE_SIGN_STYLE = Automatic;
				DEVELOPMENT_TEAM = C3UQE69H56;
				INFOPLIST_FILE = "AR Inspirational Bit/Info.plist";
				LD_RUNPATH_SEARCH_PATHS = (
					"$(inherited)",
					"@executable_path/Frameworks",
				);
				PRODUCT_BUNDLE_IDENTIFIER = "com.emmaklint.AR-Inspirational-Bit";
				PRODUCT_NAME = "$(TARGET_NAME)";
				SWIFT_VERSION = 4.0;
				TARGETED_DEVICE_FAMILY = 1;
			};
			name = Debug;
		};
		7A4794082074C606002507CC /* Release */ = {
			isa = XCBuildConfiguration;
			buildSettings = {
				ASSETCATALOG_COMPILER_APPICON_NAME = AppIcon;
				CODE_SIGN_STYLE = Automatic;
				DEVELOPMENT_TEAM = C3UQE69H56;
				INFOPLIST_FILE = "AR Inspirational Bit/Info.plist";
				LD_RUNPATH_SEARCH_PATHS = (
					"$(inherited)",
					"@executable_path/Frameworks",
				);
				PRODUCT_BUNDLE_IDENTIFIER = "com.emmaklint.AR-Inspirational-Bit";
				PRODUCT_NAME = "$(TARGET_NAME)";
				SWIFT_VERSION = 4.0;
				TARGETED_DEVICE_FAMILY = 1;
			};
			name = Release;
		};
/* End XCBuildConfiguration section */

/* Begin XCConfigurationList section */
		7A4793ED2074C603002507CC /* Build configuration list for PBXProject "AR Inspirational Bit" */ = {
			isa = XCConfigurationList;
			buildConfigurations = (
				7A4794042074C606002507CC /* Debug */,
				7A4794052074C606002507CC /* Release */,
			);
			defaultConfigurationIsVisible = 0;
			defaultConfigurationName = Release;
		};
		7A4794062074C606002507CC /* Build configuration list for PBXNativeTarget "AR Inspirational Bit" */ = {
			isa = XCConfigurationList;
			buildConfigurations = (
				7A4794072074C606002507CC /* Debug */,
				7A4794082074C606002507CC /* Release */,
			);
			defaultConfigurationIsVisible = 0;
			defaultConfigurationName = Release;
		};
/* End XCConfigurationList section */
	};
	rootObject = 7A4793EA2074C603002507CC /* Project object */;
}
